// !$*UTF8*$!
{
	archiveVersion = 1;
	classes = {
	};
	objectVersion = 46;
	objects = {

/* Begin PBXBuildFile section */
		F3A579CA1CFC16AA005A021B /* AppDelegate.swift in Sources */ = {isa = PBXBuildFile; fileRef = F3A579C91CFC16AA005A021B /* AppDelegate.swift */; };
		F3A579CC1CFC16AA005A021B /* ViewController.swift in Sources */ = {isa = PBXBuildFile; fileRef = F3A579CB1CFC16AA005A021B /* ViewController.swift */; };
		F3A579CF1CFC16AA005A021B /* Main.storyboard in Resources */ = {isa = PBXBuildFile; fileRef = F3A579CD1CFC16AA005A021B /* Main.storyboard */; };
		F3A579D21CFC16AA005A021B /* HChatHeads.xcdatamodeld in Sources */ = {isa = PBXBuildFile; fileRef = F3A579D01CFC16AA005A021B /* HChatHeads.xcdatamodeld */; };
		F3A579D41CFC16AA005A021B /* Assets.xcassets in Resources */ = {isa = PBXBuildFile; fileRef = F3A579D31CFC16AA005A021B /* Assets.xcassets */; };
		F3A579D71CFC16AA005A021B /* LaunchScreen.storyboard in Resources */ = {isa = PBXBuildFile; fileRef = F3A579D51CFC16AA005A021B /* LaunchScreen.storyboard */; };
		F3A579E21CFC16AA005A021B /* HChatHeadsTests.swift in Sources */ = {isa = PBXBuildFile; fileRef = F3A579E11CFC16AA005A021B /* HChatHeadsTests.swift */; };
		F3A579ED1CFC16AA005A021B /* HChatHeadsUITests.swift in Sources */ = {isa = PBXBuildFile; fileRef = F3A579EC1CFC16AA005A021B /* HChatHeadsUITests.swift */; };
		F3A57A051CFD7273005A021B /* Person.swift in Sources */ = {isa = PBXBuildFile; fileRef = F3A57A041CFD7273005A021B /* Person.swift */; };
		F3A57A091CFD727D005A021B /* BorderedRoundView.swift in Sources */ = {isa = PBXBuildFile; fileRef = F3A57A061CFD727D005A021B /* BorderedRoundView.swift */; };
		F3A57A0A1CFD727D005A021B /* OverLapChatHeadView.swift in Sources */ = {isa = PBXBuildFile; fileRef = F3A57A071CFD727D005A021B /* OverLapChatHeadView.swift */; };
		F3A57A0B1CFD727D005A021B /* RoundImageView.swift in Sources */ = {isa = PBXBuildFile; fileRef = F3A57A081CFD727D005A021B /* RoundImageView.swift */; };
/* End PBXBuildFile section */

/* Begin PBXContainerItemProxy section */
		F3A579DE1CFC16AA005A021B /* PBXContainerItemProxy */ = {
			isa = PBXContainerItemProxy;
			containerPortal = F3A579BE1CFC16AA005A021B /* Project object */;
			proxyType = 1;
			remoteGlobalIDString = F3A579C51CFC16AA005A021B;
			remoteInfo = HChatHeads;
		};
		F3A579E91CFC16AA005A021B /* PBXContainerItemProxy */ = {
			isa = PBXContainerItemProxy;
			containerPortal = F3A579BE1CFC16AA005A021B /* Project object */;
			proxyType = 1;
			remoteGlobalIDString = F3A579C51CFC16AA005A021B;
			remoteInfo = HChatHeads;
		};
/* End PBXContainerItemProxy section */

/* Begin PBXFileReference section */
		F3A579C61CFC16AA005A021B /* HChatHeads.app */ = {isa = PBXFileReference; explicitFileType = wrapper.application; includeInIndex = 0; path = HChatHeads.app; sourceTree = BUILT_PRODUCTS_DIR; };
		F3A579C91CFC16AA005A021B /* AppDelegate.swift */ = {isa = PBXFileReference; lastKnownFileType = sourcecode.swift; path = AppDelegate.swift; sourceTree = "<group>"; };
		F3A579CB1CFC16AA005A021B /* ViewController.swift */ = {isa = PBXFileReference; lastKnownFileType = sourcecode.swift; path = ViewController.swift; sourceTree = "<group>"; };
		F3A579CE1CFC16AA005A021B /* Base */ = {isa = PBXFileReference; lastKnownFileType = file.storyboard; name = Base; path = Base.lproj/Main.storyboard; sourceTree = "<group>"; };
		F3A579D11CFC16AA005A021B /* HChatHeads.xcdatamodel */ = {isa = PBXFileReference; lastKnownFileType = wrapper.xcdatamodel; path = HChatHeads.xcdatamodel; sourceTree = "<group>"; };
		F3A579D31CFC16AA005A021B /* Assets.xcassets */ = {isa = PBXFileReference; lastKnownFileType = folder.assetcatalog; path = Assets.xcassets; sourceTree = "<group>"; };
		F3A579D61CFC16AA005A021B /* Base */ = {isa = PBXFileReference; lastKnownFileType = file.storyboard; name = Base; path = Base.lproj/LaunchScreen.storyboard; sourceTree = "<group>"; };
		F3A579D81CFC16AA005A021B /* Info.plist */ = {isa = PBXFileReference; lastKnownFileType = text.plist.xml; path = Info.plist; sourceTree = "<group>"; };
		F3A579DD1CFC16AA005A021B /* HChatHeadsTests.xctest */ = {isa = PBXFileReference; explicitFileType = wrapper.cfbundle; includeInIndex = 0; path = HChatHeadsTests.xctest; sourceTree = BUILT_PRODUCTS_DIR; };
		F3A579E11CFC16AA005A021B /* HChatHeadsTests.swift */ = {isa = PBXFileReference; lastKnownFileType = sourcecode.swift; path = HChatHeadsTests.swift; sourceTree = "<group>"; };
		F3A579E31CFC16AA005A021B /* Info.plist */ = {isa = PBXFileReference; lastKnownFileType = text.plist.xml; path = Info.plist; sourceTree = "<group>"; };
		F3A579E81CFC16AA005A021B /* HChatHeadsUITests.xctest */ = {isa = PBXFileReference; explicitFileType = wrapper.cfbundle; includeInIndex = 0; path = HChatHeadsUITests.xctest; sourceTree = BUILT_PRODUCTS_DIR; };
		F3A579EC1CFC16AA005A021B /* HChatHeadsUITests.swift */ = {isa = PBXFileReference; lastKnownFileType = sourcecode.swift; path = HChatHeadsUITests.swift; sourceTree = "<group>"; };
		F3A579EE1CFC16AA005A021B /* Info.plist */ = {isa = PBXFileReference; lastKnownFileType = text.plist.xml; path = Info.plist; sourceTree = "<group>"; };
		F3A57A041CFD7273005A021B /* Person.swift */ = {isa = PBXFileReference; fileEncoding = 4; lastKnownFileType = sourcecode.swift; name = Person.swift; path = Models/Person.swift; sourceTree = "<group>"; };
		F3A57A061CFD727D005A021B /* BorderedRoundView.swift */ = {isa = PBXFileReference; fileEncoding = 4; lastKnownFileType = sourcecode.swift; name = BorderedRoundView.swift; path = Views/BorderedRoundView.swift; sourceTree = "<group>"; };
		F3A57A071CFD727D005A021B /* OverLapChatHeadView.swift */ = {isa = PBXFileReference; fileEncoding = 4; lastKnownFileType = sourcecode.swift; name = OverLapChatHeadView.swift; path = Views/OverLapChatHeadView.swift; sourceTree = "<group>"; };
		F3A57A081CFD727D005A021B /* RoundImageView.swift */ = {isa = PBXFileReference; fileEncoding = 4; lastKnownFileType = sourcecode.swift; name = RoundImageView.swift; path = Views/RoundImageView.swift; sourceTree = "<group>"; };
/* End PBXFileReference section */

/* Begin PBXFrameworksBuildPhase section */
		F3A579C31CFC16AA005A021B /* Frameworks */ = {
			isa = PBXFrameworksBuildPhase;
			buildActionMask = 2147483647;
			files = (
			);
			runOnlyForDeploymentPostprocessing = 0;
		};
		F3A579DA1CFC16AA005A021B /* Frameworks */ = {
			isa = PBXFrameworksBuildPhase;
			buildActionMask = 2147483647;
			files = (
			);
			runOnlyForDeploymentPostprocessing = 0;
		};
		F3A579E51CFC16AA005A021B /* Frameworks */ = {
			isa = PBXFrameworksBuildPhase;
			buildActionMask = 2147483647;
			files = (
			);
			runOnlyForDeploymentPostprocessing = 0;
		};
/* End PBXFrameworksBuildPhase section */

/* Begin PBXGroup section */
		F3A579BD1CFC16AA005A021B = {
			isa = PBXGroup;
			children = (
				F3A579C81CFC16AA005A021B /* HChatHeads */,
				F3A579E01CFC16AA005A021B /* HChatHeadsTests */,
				F3A579EB1CFC16AA005A021B /* HChatHeadsUITests */,
				F3A579C71CFC16AA005A021B /* Products */,
			);
			sourceTree = "<group>";
		};
		F3A579C71CFC16AA005A021B /* Products */ = {
			isa = PBXGroup;
			children = (
				F3A579C61CFC16AA005A021B /* HChatHeads.app */,
				F3A579DD1CFC16AA005A021B /* HChatHeadsTests.xctest */,
				F3A579E81CFC16AA005A021B /* HChatHeadsUITests.xctest */,
			);
			name = Products;
			sourceTree = "<group>";
		};
		F3A579C81CFC16AA005A021B /* HChatHeads */ = {
			isa = PBXGroup;
			children = (
				F3A57A031CFD722E005A021B /* Models */,
				F3A57A021CFD7227005A021B /* Views */,
				F3A579C91CFC16AA005A021B /* AppDelegate.swift */,
				F3A579CB1CFC16AA005A021B /* ViewController.swift */,
				F3A579CD1CFC16AA005A021B /* Main.storyboard */,
				F3A579D31CFC16AA005A021B /* Assets.xcassets */,
				F3A579D51CFC16AA005A021B /* LaunchScreen.storyboard */,
				F3A579D81CFC16AA005A021B /* Info.plist */,
				F3A579D01CFC16AA005A021B /* HChatHeads.xcdatamodeld */,
			);
			path = HChatHeads;
			sourceTree = "<group>";
		};
		F3A579E01CFC16AA005A021B /* HChatHeadsTests */ = {
			isa = PBXGroup;
			children = (
				F3A579E11CFC16AA005A021B /* HChatHeadsTests.swift */,
				F3A579E31CFC16AA005A021B /* Info.plist */,
			);
			path = HChatHeadsTests;
			sourceTree = "<group>";
		};
		F3A579EB1CFC16AA005A021B /* HChatHeadsUITests */ = {
			isa = PBXGroup;
			children = (
				F3A579EC1CFC16AA005A021B /* HChatHeadsUITests.swift */,
				F3A579EE1CFC16AA005A021B /* Info.plist */,
			);
			path = HChatHeadsUITests;
			sourceTree = "<group>";
		};
		F3A57A021CFD7227005A021B /* Views */ = {
			isa = PBXGroup;
			children = (
				F3A57A061CFD727D005A021B /* BorderedRoundView.swift */,
				F3A57A071CFD727D005A021B /* OverLapChatHeadView.swift */,
				F3A57A081CFD727D005A021B /* RoundImageView.swift */,
			);
			name = Views;
			sourceTree = "<group>";
		};
		F3A57A031CFD722E005A021B /* Models */ = {
			isa = PBXGroup;
			children = (
				F3A57A041CFD7273005A021B /* Person.swift */,
			);
			name = Models;
			sourceTree = "<group>";
		};
/* End PBXGroup section */

/* Begin PBXNativeTarget section */
		F3A579C51CFC16AA005A021B /* HChatHeads */ = {
			isa = PBXNativeTarget;
			buildConfigurationList = F3A579F11CFC16AA005A021B /* Build configuration list for PBXNativeTarget "HChatHeads" */;
			buildPhases = (
				F3A579C21CFC16AA005A021B /* Sources */,
				F3A579C31CFC16AA005A021B /* Frameworks */,
				F3A579C41CFC16AA005A021B /* Resources */,
			);
			buildRules = (
			);
			dependencies = (
			);
			name = HChatHeads;
			productName = HChatHeads;
			productReference = F3A579C61CFC16AA005A021B /* HChatHeads.app */;
			productType = "com.apple.product-type.application";
		};
		F3A579DC1CFC16AA005A021B /* HChatHeadsTests */ = {
			isa = PBXNativeTarget;
			buildConfigurationList = F3A579F41CFC16AA005A021B /* Build configuration list for PBXNativeTarget "HChatHeadsTests" */;
			buildPhases = (
				F3A579D91CFC16AA005A021B /* Sources */,
				F3A579DA1CFC16AA005A021B /* Frameworks */,
				F3A579DB1CFC16AA005A021B /* Resources */,
			);
			buildRules = (
			);
			dependencies = (
				F3A579DF1CFC16AA005A021B /* PBXTargetDependency */,
			);
			name = HChatHeadsTests;
			productName = HChatHeadsTests;
			productReference = F3A579DD1CFC16AA005A021B /* HChatHeadsTests.xctest */;
			productType = "com.apple.product-type.bundle.unit-test";
		};
		F3A579E71CFC16AA005A021B /* HChatHeadsUITests */ = {
			isa = PBXNativeTarget;
			buildConfigurationList = F3A579F71CFC16AA005A021B /* Build configuration list for PBXNativeTarget "HChatHeadsUITests" */;
			buildPhases = (
				F3A579E41CFC16AA005A021B /* Sources */,
				F3A579E51CFC16AA005A021B /* Frameworks */,
				F3A579E61CFC16AA005A021B /* Resources */,
			);
			buildRules = (
			);
			dependencies = (
				F3A579EA1CFC16AA005A021B /* PBXTargetDependency */,
			);
			name = HChatHeadsUITests;
			productName = HChatHeadsUITests;
			productReference = F3A579E81CFC16AA005A021B /* HChatHeadsUITests.xctest */;
			productType = "com.apple.product-type.bundle.ui-testing";
		};
/* End PBXNativeTarget section */

/* Begin PBXProject section */
		F3A579BE1CFC16AA005A021B /* Project object */ = {
			isa = PBXProject;
			attributes = {
				LastSwiftUpdateCheck = 0730;
				LastUpgradeCheck = 0730;
				ORGANIZATIONNAME = "Sanjay Maharjan";
				TargetAttributes = {
					F3A579C51CFC16AA005A021B = {
						CreatedOnToolsVersion = 7.3;
					};
					F3A579DC1CFC16AA005A021B = {
						CreatedOnToolsVersion = 7.3;
						TestTargetID = F3A579C51CFC16AA005A021B;
					};
					F3A579E71CFC16AA005A021B = {
						CreatedOnToolsVersion = 7.3;
						TestTargetID = F3A579C51CFC16AA005A021B;
					};
				};
			};
			buildConfigurationList = F3A579C11CFC16AA005A021B /* Build configuration list for PBXProject "HChatHeads" */;
			compatibilityVersion = "Xcode 3.2";
			developmentRegion = English;
			hasScannedForEncodings = 0;
			knownRegions = (
				en,
				Base,
			);
			mainGroup = F3A579BD1CFC16AA005A021B;
			productRefGroup = F3A579C71CFC16AA005A021B /* Products */;
			projectDirPath = "";
			projectRoot = "";
			targets = (
				F3A579C51CFC16AA005A021B /* HChatHeads */,
				F3A579DC1CFC16AA005A021B /* HChatHeadsTests */,
				F3A579E71CFC16AA005A021B /* HChatHeadsUITests */,
			);
		};
/* End PBXProject section */

/* Begin PBXResourcesBuildPhase section */
		F3A579C41CFC16AA005A021B /* Resources */ = {
			isa = PBXResourcesBuildPhase;
			buildActionMask = 2147483647;
			files = (
				F3A579D71CFC16AA005A021B /* LaunchScreen.storyboard in Resources */,
				F3A579D41CFC16AA005A021B /* Assets.xcassets in Resources */,
				F3A579CF1CFC16AA005A021B /* Main.storyboard in Resources */,
			);
			runOnlyForDeploymentPostprocessing = 0;
		};
		F3A579DB1CFC16AA005A021B /* Resources */ = {
			isa = PBXResourcesBuildPhase;
			buildActionMask = 2147483647;
			files = (
			);
			runOnlyForDeploymentPostprocessing = 0;
		};
		F3A579E61CFC16AA005A021B /* Resources */ = {
			isa = PBXResourcesBuildPhase;
			buildActionMask = 2147483647;
			files = (
			);
			runOnlyForDeploymentPostprocessing = 0;
		};
/* End PBXResourcesBuildPhase section */

/* Begin PBXSourcesBuildPhase section */
		F3A579C21CFC16AA005A021B /* Sources */ = {
			isa = PBXSourcesBuildPhase;
			buildActionMask = 2147483647;
			files = (
				F3A57A091CFD727D005A021B /* BorderedRoundView.swift in Sources */,
				F3A579CC1CFC16AA005A021B /* ViewController.swift in Sources */,
				F3A579D21CFC16AA005A021B /* HChatHeads.xcdatamodeld in Sources */,
				F3A57A051CFD7273005A021B /* Person.swift in Sources */,
				F3A57A0B1CFD727D005A021B /* RoundImageView.swift in Sources */,
				F3A579CA1CFC16AA005A021B /* AppDelegate.swift in Sources */,
				F3A57A0A1CFD727D005A021B /* OverLapChatHeadView.swift in Sources */,
			);
			runOnlyForDeploymentPostprocessing = 0;
		};
		F3A579D91CFC16AA005A021B /* Sources */ = {
			isa = PBXSourcesBuildPhase;
			buildActionMask = 2147483647;
			files = (
				F3A579E21CFC16AA005A021B /* HChatHeadsTests.swift in Sources */,
			);
			runOnlyForDeploymentPostprocessing = 0;
		};
		F3A579E41CFC16AA005A021B /* Sources */ = {
			isa = PBXSourcesBuildPhase;
			buildActionMask = 2147483647;
			files = (
				F3A579ED1CFC16AA005A021B /* HChatHeadsUITests.swift in Sources */,
			);
			runOnlyForDeploymentPostprocessing = 0;
		};
/* End PBXSourcesBuildPhase section */

/* Begin PBXTargetDependency section */
		F3A579DF1CFC16AA005A021B /* PBXTargetDependency */ = {
			isa = PBXTargetDependency;
			target = F3A579C51CFC16AA005A021B /* HChatHeads */;
			targetProxy = F3A579DE1CFC16AA005A021B /* PBXContainerItemProxy */;
		};
		F3A579EA1CFC16AA005A021B /* PBXTargetDependency */ = {
			isa = PBXTargetDependency;
			target = F3A579C51CFC16AA005A021B /* HChatHeads */;
			targetProxy = F3A579E91CFC16AA005A021B /* PBXContainerItemProxy */;
		};
/* End PBXTargetDependency section */

/* Begin PBXVariantGroup section */
		F3A579CD1CFC16AA005A021B /* Main.storyboard */ = {
			isa = PBXVariantGroup;
			children = (
				F3A579CE1CFC16AA005A021B /* Base */,
			);
			name = Main.storyboard;
			sourceTree = "<group>";
		};
		F3A579D51CFC16AA005A021B /* LaunchScreen.storyboard */ = {
			isa = PBXVariantGroup;
			children = (
				F3A579D61CFC16AA005A021B /* Base */,
			);
			name = LaunchScreen.storyboard;
			sourceTree = "<group>";
		};
/* End PBXVariantGroup section */

/* Begin XCBuildConfiguration section */
		F3A579EF1CFC16AA005A021B /* Debug */ = {
			isa = XCBuildConfiguration;
			buildSettings = {
				ALWAYS_SEARCH_USER_PATHS = NO;
				CLANG_ANALYZER_NONNULL = YES;
				CLANG_CXX_LANGUAGE_STANDARD = "gnu++0x";
				CLANG_CXX_LIBRARY = "libc++";
				CLANG_ENABLE_MODULES = YES;
				CLANG_ENABLE_OBJC_ARC = YES;
				CLANG_WARN_BOOL_CONVERSION = YES;
				CLANG_WARN_CONSTANT_CONVERSION = YES;
				CLANG_WARN_DIRECT_OBJC_ISA_USAGE = YES_ERROR;
				CLANG_WARN_EMPTY_BODY = YES;
				CLANG_WARN_ENUM_CONVERSION = YES;
				CLANG_WARN_INT_CONVERSION = YES;
				CLANG_WARN_OBJC_ROOT_CLASS = YES_ERROR;
				CLANG_WARN_UNREACHABLE_CODE = YES;
				CLANG_WARN__DUPLICATE_METHOD_MATCH = YES;
				"CODE_SIGN_IDENTITY[sdk=iphoneos*]" = "iPhone Developer";
				COPY_PHASE_STRIP = NO;
				DEBUG_INFORMATION_FORMAT = dwarf;
				ENABLE_STRICT_OBJC_MSGSEND = YES;
				ENABLE_TESTABILITY = YES;
				GCC_C_LANGUAGE_STANDARD = gnu99;
				GCC_DYNAMIC_NO_PIC = NO;
				GCC_NO_COMMON_BLOCKS = YES;
				GCC_OPTIMIZATION_LEVEL = 0;
				GCC_PREPROCESSOR_DEFINITIONS = (
					"DEBUG=1",
					"$(inherited)",
				);
				GCC_WARN_64_TO_32_BIT_CONVERSION = YES;
				GCC_WARN_ABOUT_RETURN_TYPE = YES_ERROR;
				GCC_WARN_UNDECLARED_SELECTOR = YES;
				GCC_WARN_UNINITIALIZED_AUTOS = YES_AGGRESSIVE;
				GCC_WARN_UNUSED_FUNCTION = YES;
				GCC_WARN_UNUSED_VARIABLE = YES;
				IPHONEOS_DEPLOYMENT_TARGET = 9.3;
				MTL_ENABLE_DEBUG_INFO = YES;
				ONLY_ACTIVE_ARCH = YES;
				SDKROOT = iphoneos;
				SWIFT_OPTIMIZATION_LEVEL = "-Onone";
			};
			name = Debug;
		};
		F3A579F01CFC16AA005A021B /* Release */ = {
			isa = XCBuildConfiguration;
			buildSettings = {
				ALWAYS_SEARCH_USER_PATHS = NO;
				CLANG_ANALYZER_NONNULL = YES;
				CLANG_CXX_LANGUAGE_STANDARD = "gnu++0x";
				CLANG_CXX_LIBRARY = "libc++";
				CLANG_ENABLE_MODULES = YES;
				CLANG_ENABLE_OBJC_ARC = YES;
				CLANG_WARN_BOOL_CONVERSION = YES;
				CLANG_WARN_CONSTANT_CONVERSION = YES;
				CLANG_WARN_DIRECT_OBJC_ISA_USAGE = YES_ERROR;
				CLANG_WARN_EMPTY_BODY = YES;
				CLANG_WARN_ENUM_CONVERSION = YES;
				CLANG_WARN_INT_CONVERSION = YES;
				CLANG_WARN_OBJC_ROOT_CLASS = YES_ERROR;
				CLANG_WARN_UNREACHABLE_CODE = YES;
				CLANG_WARN__DUPLICATE_METHOD_MATCH = YES;
				"CODE_SIGN_IDENTITY[sdk=iphoneos*]" = "iPhone Developer";
				COPY_PHASE_STRIP = NO;
				DEBUG_INFORMATION_FORMAT = "dwarf-with-dsym";
				ENABLE_NS_ASSERTIONS = NO;
				ENABLE_STRICT_OBJC_MSGSEND = YES;
				GCC_C_LANGUAGE_STANDARD = gnu99;
				GCC_NO_COMMON_BLOCKS = YES;
				GCC_WARN_64_TO_32_BIT_CONVERSION = YES;
				GCC_WARN_ABOUT_RETURN_TYPE = YES_ERROR;
				GCC_WARN_UNDECLARED_SELECTOR = YES;
				GCC_WARN_UNINITIALIZED_AUTOS = YES_AGGRESSIVE;
				GCC_WARN_UNUSED_FUNCTION = YES;
				GCC_WARN_UNUSED_VARIABLE = YES;
				IPHONEOS_DEPLOYMENT_TARGET = 9.3;
				MTL_ENABLE_DEBUG_INFO = NO;
				SDKROOT = iphoneos;
				VALIDATE_PRODUCT = YES;
			};
			name = Release;
		};
		F3A579F21CFC16AA005A021B /* Debug */ = {
			isa = XCBuildConfiguration;
			buildSettings = {
				ASSETCATALOG_COMPILER_APPICON_NAME = AppIcon;
				INFOPLIST_FILE = HChatHeads/Info.plist;
				LD_RUNPATH_SEARCH_PATHS = "$(inherited) @executable_path/Frameworks";
				PRODUCT_BUNDLE_IDENTIFIER = com.snjmhj.HChatHeads;
				PRODUCT_NAME = "$(TARGET_NAME)";
			};
			name = Debug;
		};
		F3A579F31CFC16AA005A021B /* Release */ = {
			isa = XCBuildConfiguration;
			buildSettings = {
				ASSETCATALOG_COMPILER_APPICON_NAME = AppIcon;
				INFOPLIST_FILE = HChatHeads/Info.plist;
				LD_RUNPATH_SEARCH_PATHS = "$(inherited) @executable_path/Frameworks";
				PRODUCT_BUNDLE_IDENTIFIER = com.snjmhj.HChatHeads;
				PRODUCT_NAME = "$(TARGET_NAME)";
			};
			name = Release;
		};
		F3A579F51CFC16AA005A021B /* Debug */ = {
			isa = XCBuildConfiguration;
			buildSettings = {
				BUNDLE_LOADER = "$(TEST_HOST)";
				INFOPLIST_FILE = HChatHeadsTests/Info.plist;
				LD_RUNPATH_SEARCH_PATHS = "$(inherited) @executable_path/Frameworks @loader_path/Frameworks";
				PRODUCT_BUNDLE_IDENTIFIER = com.snjmhj.HChatHeadsTests;
				PRODUCT_NAME = "$(TARGET_NAME)";
				TEST_HOST = "$(BUILT_PRODUCTS_DIR)/HChatHeads.app/HChatHeads";
			};
			name = Debug;
		};
		F3A579F61CFC16AA005A021B /* Release */ = {
			isa = XCBuildConfiguration;
			buildSettings = {
				BUNDLE_LOADER = "$(TEST_HOST)";
				INFOPLIST_FILE = HChatHeadsTests/Info.plist;
				LD_RUNPATH_SEARCH_PATHS = "$(inherited) @executable_path/Frameworks @loader_path/Frameworks";
				PRODUCT_BUNDLE_IDENTIFIER = com.snjmhj.HChatHeadsTests;
				PRODUCT_NAME = "$(TARGET_NAME)";
				TEST_HOST = "$(BUILT_PRODUCTS_DIR)/HChatHeads.app/HChatHeads";
			};
			name = Release;
		};
		F3A579F81CFC16AA005A021B /* Debug */ = {
			isa = XCBuildConfiguration;
			buildSettings = {
				INFOPLIST_FILE = HChatHeadsUITests/Info.plist;
				LD_RUNPATH_SEARCH_PATHS = "$(inherited) @executable_path/Frameworks @loader_path/Frameworks";
				PRODUCT_BUNDLE_IDENTIFIER = com.snjmhj.HChatHeadsUITests;
				PRODUCT_NAME = "$(TARGET_NAME)";
				TEST_TARGET_NAME = HChatHeads;
			};
			name = Debug;
		};
		F3A579F91CFC16AA005A021B /* Release */ = {
			isa = XCBuildConfiguration;
			buildSettings = {
				INFOPLIST_FILE = HChatHeadsUITests/Info.plist;
				LD_RUNPATH_SEARCH_PATHS = "$(inherited) @executable_path/Frameworks @loader_path/Frameworks";
				PRODUCT_BUNDLE_IDENTIFIER = com.snjmhj.HChatHeadsUITests;
				PRODUCT_NAME = "$(TARGET_NAME)";
				TEST_TARGET_NAME = HChatHeads;
			};
			name = Release;
		};
/* End XCBuildConfiguration section */

/* Begin XCConfigurationList section */
		F3A579C11CFC16AA005A021B /* Build configuration list for PBXProject "HChatHeads" */ = {
			isa = XCConfigurationList;
			buildConfigurations = (
				F3A579EF1CFC16AA005A021B /* Debug */,
				F3A579F01CFC16AA005A021B /* Release */,
			);
			defaultConfigurationIsVisible = 0;
			defaultConfigurationName = Release;
		};
		F3A579F11CFC16AA005A021B /* Build configuration list for PBXNativeTarget "HChatHeads" */ = {
			isa = XCConfigurationList;
			buildConfigurations = (
				F3A579F21CFC16AA005A021B /* Debug */,
				F3A579F31CFC16AA005A021B /* Release */,
			);
			defaultConfigurationIsVisible = 0;
			defaultConfigurationName = Release;
		};
		F3A579F41CFC16AA005A021B /* Build configuration list for PBXNativeTarget "HChatHeadsTests" */ = {
			isa = XCConfigurationList;
			buildConfigurations = (
				F3A579F51CFC16AA005A021B /* Debug */,
				F3A579F61CFC16AA005A021B /* Release */,
			);
			defaultConfigurationIsVisible = 0;
			defaultConfigurationName = Release;
		};
		F3A579F71CFC16AA005A021B /* Build configuration list for PBXNativeTarget "HChatHeadsUITests" */ = {
			isa = XCConfigurationList;
			buildConfigurations = (
				F3A579F81CFC16AA005A021B /* Debug */,
				F3A579F91CFC16AA005A021B /* Release */,
			);
			defaultConfigurationIsVisible = 0;
			defaultConfigurationName = Release;
		};
/* End XCConfigurationList section */

/* Begin XCVersionGroup section */
		F3A579D01CFC16AA005A021B /* HChatHeads.xcdatamodeld */ = {
			isa = XCVersionGroup;
			children = (
				F3A579D11CFC16AA005A021B /* HChatHeads.xcdatamodel */,
			);
			currentVersion = F3A579D11CFC16AA005A021B /* HChatHeads.xcdatamodel */;
			path = HChatHeads.xcdatamodeld;
			sourceTree = "<group>";
			versionGroupType = wrapper.xcdatamodel;
		};
/* End XCVersionGroup section */
	};
	rootObject = F3A579BE1CFC16AA005A021B /* Project object */;
}
